
Microsoft Visual Studio Solution File, Format Version 12.00
Project("{FAE04EC0-301F-11D3-BF4B-00C04F79EFBC}") = "Project1", "Project1\Project1.csproj", "{742B0981-0E4C-470A-BF64-4B24C060443F}"
EndProject
Project("{FAE04EC0-301F-11D3-BF4B-00C04F79EFBC}") = "Tests", "Tests\Tests.csproj", "{9EEF9C58-BE9C-4C73-BCD8-7EABEF2916D5}"
EndProject
Global
	GlobalSection(SolutionConfigurationPlatforms) = preSolution
		Debug|Any CPU = Debug|Any CPU
		Release|Any CPU = Release|Any CPU
	EndGlobalSection
	GlobalSection(ProjectConfigurationPlatforms) = postSolution
		{742B0981-0E4C-470A-BF64-4B24C060443F}.Debug|Any CPU.ActiveCfg = Debug|Any CPU
		{742B0981-0E4C-470A-BF64-4B24C060443F}.Debug|Any CPU.Build.0 = Debug|Any CPU
		{742B0981-0E4C-470A-BF64-4B24C060443F}.Release|Any CPU.ActiveCfg = Release|Any CPU
		{742B0981-0E4C-470A-BF64-4B24C060443F}.Release|Any CPU.Build.0 = Release|Any CPU
		{9EEF9C58-BE9C-4C73-BCD8-7EABEF2916D5}.Debug|Any CPU.ActiveCfg = Debug|Any CPU
		{9EEF9C58-BE9C-4C73-BCD8-7EABEF2916D5}.Debug|Any CPU.Build.0 = Debug|Any CPU
		{9EEF9C58-BE9C-4C73-BCD8-7EABEF2916D5}.Release|Any CPU.ActiveCfg = Release|Any CPU
		{9EEF9C58-BE9C-4C73-BCD8-7EABEF2916D5}.Release|Any CPU.Build.0 = Release|Any CPU
	EndGlobalSection
EndGlobal
